{
  "name": "wFiles",
  "version": "0.5.39",
  "lockfileVersion": 1,
  "requires": true,
  "dependencies": {
    "ansi-regex": {
      "version": "2.1.1",
      "resolved": "https://registry.npmjs.org/ansi-regex/-/ansi-regex-2.1.1.tgz",
      "integrity": "sha1-w7M6te42DYbg5ijwRorn7yfWVN8="
    },
    "cli-table2": {
      "version": "0.2.0",
      "resolved": "https://registry.npmjs.org/cli-table2/-/cli-table2-0.2.0.tgz",
      "integrity": "sha1-LR738hig54biFFQFYtS9F3/jLZc=",
      "requires": {
        "colors": "1.1.2",
        "lodash": "3.10.1",
        "string-width": "1.0.2"
      }
    },
    "code-point-at": {
      "version": "1.1.0",
      "resolved": "https://registry.npmjs.org/code-point-at/-/code-point-at-1.1.0.tgz",
      "integrity": "sha1-DQcLTQQ6W+ozovGkDi7bPZpMz3c="
    },
    "colors": {
      "version": "1.1.2",
      "resolved": "https://registry.npmjs.org/colors/-/colors-1.1.2.tgz",
      "integrity": "sha1-FopHAXVran9RoSzgyXv6KMCE7WM=",
      "optional": true
    },
    "fs-extra": {
      "version": "4.0.2",
      "resolved": "https://registry.npmjs.org/fs-extra/-/fs-extra-4.0.2.tgz",
      "integrity": "sha1-+RcExT0bRh+JNFKwwwfZmXZHq2s=",
      "requires": {
        "graceful-fs": "4.1.11",
        "jsonfile": "4.0.0",
        "universalify": "0.1.1"
      }
    },
    "graceful-fs": {
      "version": "4.1.11",
      "resolved": "https://registry.npmjs.org/graceful-fs/-/graceful-fs-4.1.11.tgz",
      "integrity": "sha1-Dovf5NHduIVNZOBOp8AOKgJuVlg="
    },
    "is-fullwidth-code-point": {
      "version": "1.0.0",
      "resolved": "https://registry.npmjs.org/is-fullwidth-code-point/-/is-fullwidth-code-point-1.0.0.tgz",
      "integrity": "sha1-754xOG8DGn8NZDr4L95QxFfvAMs=",
      "requires": {
        "number-is-nan": "1.0.1"
      }
    },
    "is-typedarray": {
      "version": "1.0.0",
      "resolved": "https://registry.npmjs.org/is-typedarray/-/is-typedarray-1.0.0.tgz",
      "integrity": "sha1-5HnICFjfDBsR3dppQPlgEfzaSpo="
    },
    "jsonfile": {
      "version": "4.0.0",
      "resolved": "https://registry.npmjs.org/jsonfile/-/jsonfile-4.0.0.tgz",
      "integrity": "sha1-h3Gq4HmbZAdrdmQPygWPnBDjPss=",
      "requires": {
        "graceful-fs": "4.1.11"
      }
    },
    "lodash": {
      "version": "3.10.1",
      "resolved": "https://registry.npmjs.org/lodash/-/lodash-3.10.1.tgz",
      "integrity": "sha1-W/Rejkm6QYnhfUgnid/RW9FAt7Y="
    },
    "number-is-nan": {
      "version": "1.0.1",
      "resolved": "https://registry.npmjs.org/number-is-nan/-/number-is-nan-1.0.1.tgz",
      "integrity": "sha1-CXtgK1NCKlIsGvuHkDGDNpQaAR0="
    },
    "string-width": {
      "version": "1.0.2",
      "resolved": "https://registry.npmjs.org/string-width/-/string-width-1.0.2.tgz",
      "integrity": "sha1-EYvfW4zcUaKn5w0hHgfisLmxB9M=",
      "requires": {
        "code-point-at": "1.1.0",
        "is-fullwidth-code-point": "1.0.0",
        "strip-ansi": "3.0.1"
      }
    },
    "strip-ansi": {
      "version": "3.0.1",
      "resolved": "https://registry.npmjs.org/strip-ansi/-/strip-ansi-3.0.1.tgz",
      "integrity": "sha1-ajhfuIU9lS1f8F0Oiq+UJ43GPc8=",
      "requires": {
        "ansi-regex": "2.1.1"
      }
    },
    "typedarray-to-buffer": {
      "version": "3.1.2",
      "resolved": "https://registry.npmjs.org/typedarray-to-buffer/-/typedarray-to-buffer-3.1.2.tgz",
      "integrity": "sha1-EBezLZhP9VbroQD1AViauhrOLgQ=",
      "requires": {
        "is-typedarray": "1.0.0"
      }
    },
    "underscore": {
      "version": "1.8.3",
      "resolved": "https://registry.npmjs.org/underscore/-/underscore-1.8.3.tgz",
      "integrity": "sha1-Tz+1OxBuYJf8+ctBCfKl6b36UCI="
    },
    "universalify": {
      "version": "0.1.1",
      "resolved": "https://registry.npmjs.org/universalify/-/universalify-0.1.1.tgz",
      "integrity": "sha1-+nG63UQ3r0wUiEHjs7Fl+enlkLc="
    },
    "wColor": {
      "version": "0.3.24",
      "resolved": "https://registry.npmjs.org/wColor/-/wColor-0.3.24.tgz",
      "integrity": "sha1-tGic1LSbcyQ1ZcSaXJM1DtHMxRM=",
      "requires": {
        "wTools": "0.7.21"
      }
    },
    "wConsequence": {
      "version": "0.4.4",
      "resolved": "https://registry.npmjs.org/wConsequence/-/wConsequence-0.4.4.tgz",
      "integrity": "sha1-heLcVZ85FSQMlkZhB0OXdZ5CcNM=",
      "requires": {
        "wCopyable": "0.4.7",
        "wProto": "0.4.5",
        "wTools": "0.7.21"
      }
    },
    "wCopyable": {
      "version": "0.4.7",
      "resolved": "https://registry.npmjs.org/wCopyable/-/wCopyable-0.4.7.tgz",
      "integrity": "sha1-mUAgQezjl9bayO57aLhgMDtVsA4=",
      "requires": {
        "wProto": "0.4.5",
        "wTools": "0.7.21",
        "wcloner": "0.3.10"
      }
    },
    "wEventHandler": {
      "version": "0.4.4",
      "resolved": "https://registry.npmjs.org/wEventHandler/-/wEventHandler-0.4.4.tgz",
      "integrity": "sha1-u+0AWm/ARFM/uz8LuXjkWtnt2VU=",
      "requires": {
        "wProto": "0.4.5",
        "wTools": "0.7.21"
      }
    },
    "wFiles": {
      "version": "file:",
      "dev": true,
      "requires": {
        "fs-extra": "4.0.2",
        "wConsequence": "0.4.4",
        "wPath": "0.5.8",
        "wProto": "0.4.5",
        "wRegexpObject": "0.4.23",
        "wTools": "0.7.21"
      }
    },
    "wLogger": {
      "version": "0.5.14",
      "resolved": "https://registry.npmjs.org/wLogger/-/wLogger-0.5.14.tgz",
      "integrity": "sha1-xNTcf8JLxCdLmYJuHXws+VU19iI=",
      "requires": {
        "wColor": "0.3.24",
        "wCopyable": "0.4.7",
        "wFiles": "0.5.38",
        "wTools": "0.7.21"
      },
      "dependencies": {
        "wFiles": {
          "version": "0.5.38",
          "resolved": "https://registry.npmjs.org/wFiles/-/wFiles-0.5.38.tgz",
          "integrity": "sha512-Q0CdHYWAH0KW88EzfAROfbni+z353Sy/Npobti6H3dgpbH/nKB3eqfYGSOBP7ALnstkhgPBNemBc2drXqaRzIg==",
          "requires": {
            "fs-extra": "4.0.2",
            "wConsequence": "0.4.4",
            "wPath": "0.5.8",
            "wProto": "0.4.5",
            "wRegexpObject": "0.4.23",
            "wTools": "0.7.21"
          }
        }
      }
    },
    "wPath": {
      "version": "0.5.8",
      "resolved": "https://registry.npmjs.org/wPath/-/wPath-0.5.8.tgz",
      "integrity": "sha1-e6b9KDGO1s3ro0P6hkGo9pNW4e4=",
      "requires": {
        "wTools": "0.7.21"
      }
    },
    "wProto": {
      "version": "0.4.5",
      "resolved": "https://registry.npmjs.org/wProto/-/wProto-0.4.5.tgz",
      "integrity": "sha1-gKfcp+HwIKMGrXHQFRmrwkxzIL4=",
      "requires": {
        "wTools": "0.7.21"
      }
    },
    "wRegexpObject": {
      "version": "0.4.23",
      "resolved": "https://registry.npmjs.org/wRegexpObject/-/wRegexpObject-0.4.23.tgz",
      "integrity": "sha1-Z0uUdM5NmK5kpl1indqK8IZxHJQ=",
      "requires": {
        "wTools": "0.7.21"
      }
    },
    "wTesting": {
      "version": "0.4.16",
      "resolved": "https://registry.npmjs.org/wTesting/-/wTesting-0.4.16.tgz",
      "integrity": "sha1-nySLgpYxVhGjfUT0YGNXO4oK2Yc=",
      "requires": {
        "wConsequence": "0.4.4",
        "wCopyable": "0.4.7",
        "wEventHandler": "0.4.4",
        "wLogger": "0.5.14",
        "wProto": "0.4.5",
        "wTools": "0.7.21",
        "winstancing": "0.3.12"
      }
    },
    "wTools": {
      "version": "0.7.21",
      "resolved": "https://registry.npmjs.org/wTools/-/wTools-0.7.21.tgz",
      "integrity": "sha1-rQWIoVU3cBiRXVNLleXad0zdD1k=",
      "requires": {
        "underscore": "1.8.3"
      }
    },
    "wcloner": {
      "version": "0.3.10",
      "resolved": "https://registry.npmjs.org/wcloner/-/wcloner-0.3.10.tgz",
      "integrity": "sha1-HBlHd7050+WvuhfLSH7j6xCDoKI=",
      "requires": {
        "wTools": "0.7.21"
      }
    },
    "winstancing": {
      "version": "0.3.12",
      "resolved": "https://registry.npmjs.org/winstancing/-/winstancing-0.3.12.tgz",
      "integrity": "sha1-mOhvrdJDBck1HRQ5JEmqrAuRPp0=",
      "requires": {
        "wCopyable": "0.4.7",
        "wProto": "0.4.5",
        "wTools": "0.7.21",
        "winstancing": "0.3.12"
      }
    }
  }
}
